# THIS IS AN AUTOGENERATED FILE. DO NOT EDIT THIS FILE DIRECTLY.
# yarn lockfile v1


"@babel/runtime@^7.11.2":
  version "7.19.0"
  resolved "https://registry.yarnpkg.com/@babel/runtime/-/runtime-7.19.0.tgz#22b11c037b094d27a8a2504ea4dcff00f50e2259"
  integrity sha512-eR8Lo9hnDS7tqkO7NsV+mKvCmv5boaXFSZ70DnfhcgiEne8hv9oCEd36Klw74EtizEqLsy4YnW8UWwpBVolHZA==
  dependencies:
    regenerator-runtime "^0.13.4"

"@okta/okta-react@^6.4.3":
  version "6.6.0"
  resolved "https://registry.yarnpkg.com/@okta/okta-react/-/okta-react-6.6.0.tgz#3d1405fc595ea763c66c2f37a793f973660b23e9"
  integrity sha512-CZina77YqCl7goNajQVvOcGM4b72ANRhvLmGb6gYaITw0V7+Vb7PfEIh1YQArFKfNKxbIvMxxaTnxDZQIWntbg==
  dependencies:
    "@babel/runtime" "^7.11.2"
    compare-versions "^4.1.2"

compare-versions@^4.1.2:
  version "4.1.4"
  resolved "https://registry.yarnpkg.com/compare-versions/-/compare-versions-4.1.4.tgz#3571f4d610924d4414846a4183d386c8f3d51112"
  integrity sha512-FemMreK9xNyL8gQevsdRMrvO4lFCkQP7qbuktn1q8ndcNk1+0mz7lgE7b/sNvbhVgY4w6tMN1FDp6aADjqw2rw==

dotenv@^16.0.1:
  version "16.0.2"
  resolved "https://registry.yarnpkg.com/dotenv/-/dotenv-16.0.2.tgz#0b0f8652c016a3858ef795024508cddc4bffc5bf"
  integrity sha512-JvpYKUmzQhYoIFgK2MOnF3bciIZoItIIoryihy0rIA+H4Jy0FmgyKYAHCTN98P5ybGSJcIFbh6QKeJdtZd1qhA==

regenerator-runtime@^0.13.4:
  version "0.13.9"
  resolved "https://registry.yarnpkg.com/regenerator-runtime/-/regenerator-runtime-0.13.9.tgz#8925742a98ffd90814988d7566ad30ca3b263b52"
  integrity sha512-p3VT+cOEgxFsRRA9X4lkI1E+k2/CtnKtU4gcxyaCUreilL/vqI6CdZ3wxVUx3UOUg+gnUOQQcRI7BmSI656MYA==
